# THIS IS AN AUTOGENERATED FILE. DO NOT EDIT THIS FILE DIRECTLY.
# yarn lockfile v1


"@babel/helper-validator-identifier@^7.12.11":
  version "7.12.11"
  resolved "https://registry.npm.taobao.org/@babel/helper-validator-identifier/download/@babel/helper-validator-identifier-7.12.11.tgz?cache=0&sync_timestamp=1608076995361&other_urls=https%3A%2F%2Fregistry.npm.taobao.org%2F%40babel%2Fhelper-validator-identifier%2Fdownload%2F%40babel%2Fhelper-validator-identifier-7.12.11.tgz#c9a1f021917dcb5ccf0d4e453e399022981fc9ed"
  integrity sha1-yaHwIZF9y1zPDU5FPjmQIpgfye0=

"@babel/parser@^7.12.0":
  version "7.12.11"
  resolved "https://registry.npm.taobao.org/@babel/parser/download/@babel/parser-7.12.11.tgz?cache=0&sync_timestamp=1608076996366&other_urls=https%3A%2F%2Fregistry.npm.taobao.org%2F%40babel%2Fparser%2Fdownload%2F%40babel%2Fparser-7.12.11.tgz#9ce3595bcd74bc5c466905e86c535b8b25011e79"
  integrity sha1-nONZW810vFxGaQXobFNbiyUBHnk=

"@babel/types@^7.12.0":
  version "7.12.11"
  resolved "https://registry.npm.taobao.org/@babel/types/download/@babel/types-7.12.11.tgz?cache=0&sync_timestamp=1608076909062&other_urls=https%3A%2F%2Fregistry.npm.taobao.org%2F%40babel%2Ftypes%2Fdownload%2F%40babel%2Ftypes-7.12.11.tgz#a86e4d71e30a9b6ee102590446c98662589283ce"
  integrity sha1-qG5NceMKm27hAlkERsmGYliSg84=
  dependencies:
    "@babel/helper-validator-identifier" "^7.12.11"
    lodash "^4.17.19"
    to-fast-properties "^2.0.0"

"@popperjs/core@^2.4.4":
  version "2.6.0"
  resolved "https://registry.npm.taobao.org/@popperjs/core/download/@popperjs/core-2.6.0.tgz#f022195afdfc942e088ee2101285a1d31c7d727f"
  integrity sha1-8CIZWv38lC4IjuIQEoWh0xx9cn8=

"@vue/compiler-core@3.0.4":
  version "3.0.4"
  resolved "https://registry.npm.taobao.org/@vue/compiler-core/download/@vue/compiler-core-3.0.4.tgz?cache=0&sync_timestamp=1606946111037&other_urls=https%3A%2F%2Fregistry.npm.taobao.org%2F%40vue%2Fcompiler-core%2Fdownload%2F%40vue%2Fcompiler-core-3.0.4.tgz#0122aca6eada4cb28b39ed930af917444755e330"
  integrity sha1-ASKspuraTLKLOe2TCvkXREdV4zA=
  dependencies:
    "@babel/parser" "^7.12.0"
    "@babel/types" "^7.12.0"
    "@vue/shared" "3.0.4"
    estree-walker "^2.0.1"
    source-map "^0.6.1"

"@vue/compiler-dom@3.0.4":
  version "3.0.4"
  resolved "https://registry.npm.taobao.org/@vue/compiler-dom/download/@vue/compiler-dom-3.0.4.tgz?cache=0&sync_timestamp=1606946111216&other_urls=https%3A%2F%2Fregistry.npm.taobao.org%2F%40vue%2Fcompiler-dom%2Fdownload%2F%40vue%2Fcompiler-dom-3.0.4.tgz#834fd4b15c5698cf9f4505c2bfbccca058a843eb"
  integrity sha1-g0/UsVxWmM+fRQXCv7zMoFioQ+s=
  dependencies:
    "@vue/compiler-core" "3.0.4"
    "@vue/shared" "3.0.4"

"@vue/reactivity@3.0.4":
  version "3.0.4"
  resolved "https://registry.npm.taobao.org/@vue/reactivity/download/@vue/reactivity-3.0.4.tgz?cache=0&sync_timestamp=1606946113674&other_urls=https%3A%2F%2Fregistry.npm.taobao.org%2F%40vue%2Freactivity%2Fdownload%2F%40vue%2Freactivity-3.0.4.tgz#b6599dd8271a745960a03f05744ccf7991ba5d8d"
  integrity sha1-tlmd2CcadFlgoD8FdEzPeZG6XY0=
  dependencies:
    "@vue/shared" "3.0.4"

"@vue/runtime-core@3.0.4":
  version "3.0.4"
  resolved "https://registry.npm.taobao.org/@vue/runtime-core/download/@vue/runtime-core-3.0.4.tgz?cache=0&sync_timestamp=1606946113820&other_urls=https%3A%2F%2Fregistry.npm.taobao.org%2F%40vue%2Fruntime-core%2Fdownload%2F%40vue%2Fruntime-core-3.0.4.tgz#a5b9a001560b1fd8c01a43f68b764c555de7836c"
  integrity sha1-pbmgAVYLH9jAGkP2i3ZMVV3ng2w=
  dependencies:
    "@vue/reactivity" "3.0.4"
    "@vue/shared" "3.0.4"

"@vue/runtime-dom@3.0.4":
  version "3.0.4"
  resolved "https://registry.npm.taobao.org/@vue/runtime-dom/download/@vue/runtime-dom-3.0.4.tgz?cache=0&sync_timestamp=1606947924816&other_urls=https%3A%2F%2Fregistry.npm.taobao.org%2F%40vue%2Fruntime-dom%2Fdownload%2F%40vue%2Fruntime-dom-3.0.4.tgz#6f81aec545f24511d2c28a315aa3391420b69c68"
  integrity sha1-b4GuxUXyRRHSwooxWqM5FCC2nGg=
  dependencies:
    "@vue/runtime-core" "3.0.4"
    "@vue/shared" "3.0.4"
    csstype "^2.6.8"

"@vue/shared@3.0.4":
  version "3.0.4"
  resolved "https://registry.npm.taobao.org/@vue/shared/download/@vue/shared-3.0.4.tgz?cache=0&sync_timestamp=1606946112084&other_urls=https%3A%2F%2Fregistry.npm.taobao.org%2F%40vue%2Fshared%2Fdownload%2F%40vue%2Fshared-3.0.4.tgz#6dc50f593bdfdeaa6183d1dbc15e2d45e7c6b8b3"
  integrity sha1-bcUPWTvf3qphg9HbwV4tRefGuLM=

async-validator@^3.4.0:
  version "3.5.1"
  resolved "https://registry.npm.taobao.org/async-validator/download/async-validator-3.5.1.tgz?cache=0&sync_timestamp=1605749896979&other_urls=https%3A%2F%2Fregistry.npm.taobao.org%2Fasync-validator%2Fdownload%2Fasync-validator-3.5.1.tgz#cd62b9688b2465f48420e27adb47760ab1b5559f"
  integrity sha1-zWK5aIskZfSEIOJ620d2CrG1VZ8=

csstype@^2.6.8:
  version "2.6.14"
  resolved "https://registry.npm.taobao.org/csstype/download/csstype-2.6.14.tgz?cache=0&sync_timestamp=1605258454930&other_urls=https%3A%2F%2Fregistry.npm.taobao.org%2Fcsstype%2Fdownload%2Fcsstype-2.6.14.tgz#004822a4050345b55ad4dcc00be1d9cf2f4296de"
  integrity sha1-AEgipAUDRbVa1NzAC+HZzy9Clt4=

dayjs@1.x:
  version "1.9.7"
  resolved "https://registry.npm.taobao.org/dayjs/download/dayjs-1.9.7.tgz?cache=0&sync_timestamp=1607178419047&other_urls=https%3A%2F%2Fregistry.npm.taobao.org%2Fdayjs%2Fdownload%2Fdayjs-1.9.7.tgz#4b260bb17dceed2d5f29038dfee03c65a6786fc0"
  integrity sha1-SyYLsX3O7S1fKQON/uA8ZaZ4b8A=

element-plus@../node_modules/element-plus:
  version "1.0.1-beta.9"
  dependencies:
    "@popperjs/core" "^2.4.4"
    async-validator "^3.4.0"
    dayjs "1.x"
    lodash "^4.17.20"
    mitt "^2.1.0"
    normalize-wheel "^1.0.1"
    resize-observer-polyfill "^1.5.1"

estree-walker@^2.0.1:
  version "2.0.2"
  resolved "https://registry.npm.taobao.org/estree-walker/download/estree-walker-2.0.2.tgz?cache=0&sync_timestamp=1607445437767&other_urls=https%3A%2F%2Fregistry.npm.taobao.org%2Festree-walker%2Fdownload%2Festree-walker-2.0.2.tgz#52f010178c2a4c117a7757cfe942adb7d2da4cac"
  integrity sha1-UvAQF4wqTBF6d1fP6UKtt9LaTKw=

lodash@^4.17.19, lodash@^4.17.20:
  version "4.17.20"
  resolved "https://registry.npm.taobao.org/lodash/download/lodash-4.17.20.tgz#b44a9b6297bcb698f1c51a3545a2b3b368d59c52"
  integrity sha1-tEqbYpe8tpjxxRo1RaKzs2jVnFI=

mitt@^2.1.0:
  version "2.1.0"
  resolved "https://registry.npm.taobao.org/mitt/download/mitt-2.1.0.tgz#f740577c23176c6205b121b2973514eade1b2230"
  integrity sha1-90BXfCMXbGIFsSGylzUU6t4bIjA=

normalize-wheel@^1.0.1:
  version "1.0.1"
  resolved "https://registry.npm.taobao.org/normalize-wheel/download/normalize-wheel-1.0.1.tgz#aec886affdb045070d856447df62ecf86146ec45"
  integrity sha1-rsiGr/2wRQcNhWRH32Ls+GFG7EU=

resize-observer-polyfill@^1.5.1:
  version "1.5.1"
  resolved "https://registry.npm.taobao.org/resize-observer-polyfill/download/resize-observer-polyfill-1.5.1.tgz#0e9020dd3d21024458d4ebd27e23e40269810464"
  integrity sha1-DpAg3T0hAkRY1OvSfiPkAmmBBGQ=

source-map@^0.6.1:
  version "0.6.1"
  resolved "https://registry.npm.taobao.org/source-map/download/source-map-0.6.1.tgz#74722af32e9614e9c287a8d0bbde48b5e2f1a263"
  integrity sha1-dHIq8y6WFOnCh6jQu95IteLxomM=

"squid-element@link:../lib":
  version "0.0.0"
  uid ""

to-fast-properties@^2.0.0:
  version "2.0.0"
  resolved "https://registry.npm.taobao.org/to-fast-properties/download/to-fast-properties-2.0.0.tgz#dc5e698cbd079265bc73e0377681a4e4e83f616e"
  integrity sha1-3F5pjL0HkmW8c+A3doGk5Og/YW4=

vue@../node_modules/vue:
  version "3.0.4"
  dependencies:
    "@vue/compiler-dom" "3.0.4"
    "@vue/runtime-dom" "3.0.4"
    "@vue/shared" "3.0.4"
